
Microsoft Visual Studio Solution File, Format Version 12.00
# Visual Studio Version 16
VisualStudioVersion = 16.0.31624.102
MinimumVisualStudioVersion = 10.0.40219.1
Project("{FAE04EC0-301F-11D3-BF4B-00C04F79EFBC}") = "pwc-demo", "pwc-demo\pwc-demo.csproj", "{9B9F4D7C-A523-4BC9-B811-FB467A557690}"
EndProject
Global
	GlobalSection(SolutionConfigurationPlatforms) = preSolution
		Debug|Any CPU = Debug|Any CPU
		Release|Any CPU = Release|Any CPU
	EndGlobalSection
	GlobalSection(ProjectConfigurationPlatforms) = postSolution
		{9B9F4D7C-A523-4BC9-B811-FB467A557690}.Debug|Any CPU.ActiveCfg = Debug|Any CPU
		{9B9F4D7C-A523-4BC9-B811-FB467A557690}.Debug|Any CPU.Build.0 = Debug|Any CPU
		{9B9F4D7C-A523-4BC9-B811-FB467A557690}.Release|Any CPU.ActiveCfg = Release|Any CPU
		{9B9F4D7C-A523-4BC9-B811-FB467A557690}.Release|Any CPU.Build.0 = Release|Any CPU
	EndGlobalSection
	GlobalSection(SolutionProperties) = preSolution
		HideSolutionNode = FALSE
	EndGlobalSection
	GlobalSection(ExtensibilityGlobals) = postSolution
		SolutionGuid = {729B9A05-8AC2-483A-BA6B-82099C589A62}
	EndGlobalSection
EndGlobal
